
Microsoft Visual Studio Solution File, Format Version 12.00
# Visual Studio Version 17
VisualStudioVersion = 17.7.34031.279
MinimumVisualStudioVersion = 10.0.40219.1
Project("{FAE04EC0-301F-11D3-BF4B-00C04F79EFBC}") = "ex_1", "ex_1.csproj", "{4910B45D-F45D-444E-B241-E6F6A2F64CBC}"
EndProject
Global
	GlobalSection(SolutionConfigurationPlatforms) = preSolution
		Debug|Any CPU = Debug|Any CPU
		Release|Any CPU = Release|Any CPU
	EndGlobalSection
	GlobalSection(ProjectConfigurationPlatforms) = postSolution
		{4910B45D-F45D-444E-B241-E6F6A2F64CBC}.Debug|Any CPU.ActiveCfg = Debug|Any CPU
		{4910B45D-F45D-444E-B241-E6F6A2F64CBC}.Debug|Any CPU.Build.0 = Debug|Any CPU
		{4910B45D-F45D-444E-B241-E6F6A2F64CBC}.Release|Any CPU.ActiveCfg = Release|Any CPU
		{4910B45D-F45D-444E-B241-E6F6A2F64CBC}.Release|Any CPU.Build.0 = Release|Any CPU
	EndGlobalSection
	GlobalSection(SolutionProperties) = preSolution
		HideSolutionNode = FALSE
	EndGlobalSection
	GlobalSection(ExtensibilityGlobals) = postSolution
		SolutionGuid = {808DE283-7083-4DDA-8838-CEC2393BE8B2}
	EndGlobalSection
EndGlobal
