
Microsoft Visual Studio Solution File, Format Version 12.00
# Visual Studio Version 17
VisualStudioVersion = 17.7.34031.279
MinimumVisualStudioVersion = 10.0.40219.1
Project("{FAE04EC0-301F-11D3-BF4B-00C04F79EFBC}") = "ex_2_p_2", "ex_2_p_2.csproj", "{E2FA64AF-950B-4EFF-8A05-5FC49F9AAE6A}"
EndProject
Global
	GlobalSection(SolutionConfigurationPlatforms) = preSolution
		Debug|Any CPU = Debug|Any CPU
		Release|Any CPU = Release|Any CPU
	EndGlobalSection
	GlobalSection(ProjectConfigurationPlatforms) = postSolution
		{E2FA64AF-950B-4EFF-8A05-5FC49F9AAE6A}.Debug|Any CPU.ActiveCfg = Debug|Any CPU
		{E2FA64AF-950B-4EFF-8A05-5FC49F9AAE6A}.Debug|Any CPU.Build.0 = Debug|Any CPU
		{E2FA64AF-950B-4EFF-8A05-5FC49F9AAE6A}.Release|Any CPU.ActiveCfg = Release|Any CPU
		{E2FA64AF-950B-4EFF-8A05-5FC49F9AAE6A}.Release|Any CPU.Build.0 = Release|Any CPU
	EndGlobalSection
	GlobalSection(SolutionProperties) = preSolution
		HideSolutionNode = FALSE
	EndGlobalSection
	GlobalSection(ExtensibilityGlobals) = postSolution
		SolutionGuid = {16F1A223-DAE6-49EF-B866-212D4D135DD8}
	EndGlobalSection
EndGlobal
