
Microsoft Visual Studio Solution File, Format Version 12.00
# Visual Studio Version 17
VisualStudioVersion = 17.7.34031.279
MinimumVisualStudioVersion = 10.0.40219.1
Project("{FAE04EC0-301F-11D3-BF4B-00C04F79EFBC}") = "ex_2_p_3", "ex_2_p_3.csproj", "{3D30BE63-33C0-476E-8359-85A82924F82F}"
EndProject
Global
	GlobalSection(SolutionConfigurationPlatforms) = preSolution
		Debug|Any CPU = Debug|Any CPU
		Release|Any CPU = Release|Any CPU
	EndGlobalSection
	GlobalSection(ProjectConfigurationPlatforms) = postSolution
		{3D30BE63-33C0-476E-8359-85A82924F82F}.Debug|Any CPU.ActiveCfg = Debug|Any CPU
		{3D30BE63-33C0-476E-8359-85A82924F82F}.Debug|Any CPU.Build.0 = Debug|Any CPU
		{3D30BE63-33C0-476E-8359-85A82924F82F}.Release|Any CPU.ActiveCfg = Release|Any CPU
		{3D30BE63-33C0-476E-8359-85A82924F82F}.Release|Any CPU.Build.0 = Release|Any CPU
	EndGlobalSection
	GlobalSection(SolutionProperties) = preSolution
		HideSolutionNode = FALSE
	EndGlobalSection
	GlobalSection(ExtensibilityGlobals) = postSolution
		SolutionGuid = {98D55E4B-25E2-4456-915B-7CADCA745E49}
	EndGlobalSection
EndGlobal
